
Microsoft Visual Studio Solution File, Format Version 12.00
# Visual Studio Version 17
VisualStudioVersion = 17.10.34707.107
MinimumVisualStudioVersion = 10.0.40219.1
Project("{9A19103F-16F7-4668-BE54-9A1E7A4F7556}") = "ConferenceService", "ConferenceService.csproj", "{F4A833F3-9729-4BB5-9DC6-20986CE1ED9F}"
EndProject
Project("{9A19103F-16F7-4668-BE54-9A1E7A4F7556}") = "DAL", "..\DAL\DAL.csproj", "{2588C43C-53D3-4D4B-8C7B-B188FCF71092}"
EndProject
Project("{9A19103F-16F7-4668-BE54-9A1E7A4F7556}") = "App", "..\App\App.csproj", "{A4F059F2-88C6-4E42-AE08-068C3EBD78FE}"
EndProject
Project("{FAE04EC0-301F-11D3-BF4B-00C04F79EFBC}") = "Domain", "..\Domain\Domain.csproj", "{1DC9CE28-54D8-446C-B577-49139D02FF4B}"
EndProject
Project("{FAE04EC0-301F-11D3-BF4B-00C04F79EFBC}") = "DALTests", "..\DALTests\DALTests.csproj", "{882DAA88-8441-4A63-900F-4E9958F070B0}"
EndProject
Global
	GlobalSection(SolutionConfigurationPlatforms) = preSolution
		Debug|Any CPU = Debug|Any CPU
		Release|Any CPU = Release|Any CPU
	EndGlobalSection
	GlobalSection(ProjectConfigurationPlatforms) = postSolution
		{F4A833F3-9729-4BB5-9DC6-20986CE1ED9F}.Debug|Any CPU.ActiveCfg = Debug|Any CPU
		{F4A833F3-9729-4BB5-9DC6-20986CE1ED9F}.Debug|Any CPU.Build.0 = Debug|Any CPU
		{F4A833F3-9729-4BB5-9DC6-20986CE1ED9F}.Release|Any CPU.ActiveCfg = Release|Any CPU
		{F4A833F3-9729-4BB5-9DC6-20986CE1ED9F}.Release|Any CPU.Build.0 = Release|Any CPU
		{2588C43C-53D3-4D4B-8C7B-B188FCF71092}.Debug|Any CPU.ActiveCfg = Debug|Any CPU
		{2588C43C-53D3-4D4B-8C7B-B188FCF71092}.Debug|Any CPU.Build.0 = Debug|Any CPU
		{2588C43C-53D3-4D4B-8C7B-B188FCF71092}.Release|Any CPU.ActiveCfg = Release|Any CPU
		{2588C43C-53D3-4D4B-8C7B-B188FCF71092}.Release|Any CPU.Build.0 = Release|Any CPU
		{A4F059F2-88C6-4E42-AE08-068C3EBD78FE}.Debug|Any CPU.ActiveCfg = Debug|Any CPU
		{A4F059F2-88C6-4E42-AE08-068C3EBD78FE}.Debug|Any CPU.Build.0 = Debug|Any CPU
		{A4F059F2-88C6-4E42-AE08-068C3EBD78FE}.Release|Any CPU.ActiveCfg = Release|Any CPU
		{A4F059F2-88C6-4E42-AE08-068C3EBD78FE}.Release|Any CPU.Build.0 = Release|Any CPU
		{1DC9CE28-54D8-446C-B577-49139D02FF4B}.Debug|Any CPU.ActiveCfg = Debug|Any CPU
		{1DC9CE28-54D8-446C-B577-49139D02FF4B}.Debug|Any CPU.Build.0 = Debug|Any CPU
		{1DC9CE28-54D8-446C-B577-49139D02FF4B}.Release|Any CPU.ActiveCfg = Release|Any CPU
		{1DC9CE28-54D8-446C-B577-49139D02FF4B}.Release|Any CPU.Build.0 = Release|Any CPU
		{882DAA88-8441-4A63-900F-4E9958F070B0}.Debug|Any CPU.ActiveCfg = Debug|Any CPU
		{882DAA88-8441-4A63-900F-4E9958F070B0}.Debug|Any CPU.Build.0 = Debug|Any CPU
		{882DAA88-8441-4A63-900F-4E9958F070B0}.Release|Any CPU.ActiveCfg = Release|Any CPU
		{882DAA88-8441-4A63-900F-4E9958F070B0}.Release|Any CPU.Build.0 = Release|Any CPU
	EndGlobalSection
	GlobalSection(SolutionProperties) = preSolution
		HideSolutionNode = FALSE
	EndGlobalSection
	GlobalSection(ExtensibilityGlobals) = postSolution
		SolutionGuid = {A74DFAF5-FB95-4699-B0C3-DD867BA90290}
	EndGlobalSection
EndGlobal
